
Microsoft Visual Studio Solution File, Format Version 12.00
# Visual Studio Version 17
VisualStudioVersion = 17.9.34902.65
MinimumVisualStudioVersion = 10.0.40219.1
Project("{FAE04EC0-301F-11D3-BF4B-00C04F79EFBC}") = "CalculadoraBasicaJ", "CalculadoraBasicaJ\CalculadoraBasicaJ.csproj", "{AC319E7C-D9B3-47F9-9B95-E357EC41470A}"
EndProject
Global
	GlobalSection(SolutionConfigurationPlatforms) = preSolution
		Debug|Any CPU = Debug|Any CPU
		Release|Any CPU = Release|Any CPU
	EndGlobalSection
	GlobalSection(ProjectConfigurationPlatforms) = postSolution
		{AC319E7C-D9B3-47F9-9B95-E357EC41470A}.Debug|Any CPU.ActiveCfg = Debug|Any CPU
		{AC319E7C-D9B3-47F9-9B95-E357EC41470A}.Debug|Any CPU.Build.0 = Debug|Any CPU
		{AC319E7C-D9B3-47F9-9B95-E357EC41470A}.Release|Any CPU.ActiveCfg = Release|Any CPU
		{AC319E7C-D9B3-47F9-9B95-E357EC41470A}.Release|Any CPU.Build.0 = Release|Any CPU
	EndGlobalSection
	GlobalSection(SolutionProperties) = preSolution
		HideSolutionNode = FALSE
	EndGlobalSection
	GlobalSection(ExtensibilityGlobals) = postSolution
		SolutionGuid = {BB9AAD91-F001-40E0-93E5-7F02CE2CBCE3}
	EndGlobalSection
EndGlobal
